{
  "version": "3",
  "redirects": {
    "https://esm.sh/@protobufjs/aspromise@^1.1.1?target=denonext": "https://esm.sh/@protobufjs/aspromise@1.1.2?target=denonext",
    "https://esm.sh/@protobufjs/aspromise@^1.1.2?target=denonext": "https://esm.sh/@protobufjs/aspromise@1.1.2?target=denonext",
    "https://esm.sh/@protobufjs/base64@^1.1.2?target=denonext": "https://esm.sh/@protobufjs/base64@1.1.2?target=denonext",
    "https://esm.sh/@protobufjs/codegen@^2.0.4?target=denonext": "https://esm.sh/@protobufjs/codegen@2.0.4?target=denonext",
    "https://esm.sh/@protobufjs/eventemitter@^1.1.0?target=denonext": "https://esm.sh/@protobufjs/eventemitter@1.1.0?target=denonext",
    "https://esm.sh/@protobufjs/fetch@^1.1.0?target=denonext": "https://esm.sh/@protobufjs/fetch@1.1.0?target=denonext",
    "https://esm.sh/@protobufjs/float@^1.0.2?target=denonext": "https://esm.sh/@protobufjs/float@1.0.2?target=denonext",
    "https://esm.sh/@protobufjs/inquire@^1.1.0?target=denonext": "https://esm.sh/@protobufjs/inquire@1.1.0?target=denonext",
    "https://esm.sh/@protobufjs/path@^1.1.2?target=denonext": "https://esm.sh/@protobufjs/path@1.1.2?target=denonext",
    "https://esm.sh/@protobufjs/pool@^1.1.0?target=denonext": "https://esm.sh/@protobufjs/pool@1.1.0?target=denonext",
    "https://esm.sh/@protobufjs/utf8@^1.1.0?target=denonext": "https://esm.sh/@protobufjs/utf8@1.1.0?target=denonext"
  },
  "remote": {
    "https://deno.land/std@0.162.0/_util/assert.ts": "e94f2eb37cebd7f199952e242c77654e43333c1ac4c5c700e929ea3aa5489f74",
    "https://deno.land/std@0.162.0/bytes/bytes_list.ts": "aba5e2369e77d426b10af1de0dcc4531acecec27f9b9056f4f7bfbf8ac147ab4",
    "https://deno.land/std@0.162.0/bytes/equals.ts": "3c3558c3ae85526f84510aa2b48ab2ad7bdd899e2e0f5b7a8ffc85acb3a6043a",
    "https://deno.land/std@0.162.0/bytes/mod.ts": "b2e342fd3669176a27a4e15061e9d588b89c1aaf5008ab71766e23669565d179",
    "https://deno.land/std@0.162.0/fmt/colors.ts": "9e36a716611dcd2e4865adea9c4bec916b5c60caad4cdcdc630d4974e6bb8bd4",
    "https://deno.land/std@0.162.0/io/buffer.ts": "fae02290f52301c4e0188670e730cd902f9307fb732d79c4aa14ebdc82497289",
    "https://deno.land/std@0.162.0/streams/conversion.ts": "555c6c249f3acf85655f2d0af52d1cb3168e40b1c1fa26beefea501b333abe28",
    "https://deno.land/std@0.177.0/_util/asserts.ts": "178dfc49a464aee693a7e285567b3d0b555dc805ff490505a8aae34f9cfb1462",
    "https://deno.land/std@0.177.0/_util/os.ts": "d932f56d41e4f6a6093d56044e29ce637f8dcc43c5a90af43504a889cf1775e3",
    "https://deno.land/std@0.177.0/async/deferred.ts": "42790112f36a75a57db4a96d33974a936deb7b04d25c6084a9fa8a49f135def8",
    "https://deno.land/std@0.177.0/async/pool.ts": "fd082bd4aaf26445909889435a5c74334c017847842ec035739b4ae637ae8260",
    "https://deno.land/std@0.177.0/bytes/bytes_list.ts": "b4cbdfd2c263a13e8a904b12d082f6177ea97d9297274a4be134e989450dfa6a",
    "https://deno.land/std@0.177.0/bytes/copy.ts": "939d89e302a9761dcf1d9c937c7711174ed74c59eef40a1e4569a05c9de88219",
    "https://deno.land/std@0.177.0/flags/mod.ts": "d1cdefa18472ef69858a17df5cf7c98445ed27ac10e1460183081303b0ebc270",
    "https://deno.land/std@0.177.0/io/buffer.ts": "e2b7564f684dad625cab08f5106f33572d325705d19a36822b3272fbdfb8f726",
    "https://deno.land/std@0.177.0/path/_constants.ts": "e49961f6f4f48039c0dfed3c3f93e963ca3d92791c9d478ac5b43183413136e0",
    "https://deno.land/std@0.177.0/path/_interface.ts": "6471159dfbbc357e03882c2266d21ef9afdb1e4aa771b0545e90db58a0ba314b",
    "https://deno.land/std@0.177.0/path/_util.ts": "d7abb1e0dea065f427b89156e28cdeb32b045870acdf865833ba808a73b576d0",
    "https://deno.land/std@0.177.0/path/common.ts": "ee7505ab01fd22de3963b64e46cff31f40de34f9f8de1fff6a1bd2fe79380000",
    "https://deno.land/std@0.177.0/path/glob.ts": "d479e0a695621c94d3fd7fe7abd4f9499caf32a8de13f25073451c6ef420a4e1",
    "https://deno.land/std@0.177.0/path/mod.ts": "4b83694ac500d7d31b0cdafc927080a53dc0c3027eb2895790fb155082b0d232",
    "https://deno.land/std@0.177.0/path/posix.ts": "8b7c67ac338714b30c816079303d0285dd24af6b284f7ad63da5b27372a2c94d",
    "https://deno.land/std@0.177.0/path/separator.ts": "0fb679739d0d1d7bf45b68dacfb4ec7563597a902edbaf3c59b50d5bcadd93b1",
    "https://deno.land/std@0.177.0/path/win32.ts": "d186344e5583bcbf8b18af416d13d82b35a317116e6460a5a3953508c3de5bba",
    "https://deno.land/std@0.177.0/streams/_common.ts": "f45cba84f0d813de3326466095539602364a9ba521f804cc758f7a475cda692d",
    "https://deno.land/std@0.177.0/streams/buffer.ts": "7e7676c29e0e72f6821c3b5fede2540886a216bb91c849bb5db20bb82a01d8a1",
    "https://deno.land/std@0.177.0/streams/byte_slice_stream.ts": "cf5785b0d9223ebb51fcf6679d881dfaf614c3b288fb4577b511b6f7801a01aa",
    "https://deno.land/std@0.177.0/streams/copy.ts": "de0de21701d8cceba84ca01d9731c77f4b3597bb9de6a1b08f32250353feeae8",
    "https://deno.land/std@0.177.0/streams/delimiter_stream.ts": "178916310e8bc54e2ca74fc5a708a24c27fae339738fb3407d793c46a8b624a2",
    "https://deno.land/std@0.177.0/streams/early_zip_readable_streams.ts": "64828085be5812ec5f4896c10b59f14e5a322b2c0439be9331dde332ae9c91de",
    "https://deno.land/std@0.177.0/streams/iterate_reader.ts": "06491ed8f1bb1c619abbfa04c10b173ff95a93e51fe5037b7c1ad0b5cc01fc7d",
    "https://deno.land/std@0.177.0/streams/limited_bytes_transform_stream.ts": "3bc04143b8b91a923f5ee81a3c618b6606ac7da66ccbcde62a67aaa0375cbc71",
    "https://deno.land/std@0.177.0/streams/limited_transform_stream.ts": "b336f5d649a06e35e2692849e3682a673bb32531738443eb2ce9f57538722f75",
    "https://deno.land/std@0.177.0/streams/merge_readable_streams.ts": "5d6302888f4bb0616dafb5768771be0aec9bedc05fbae6b3d726d05ffbec5b15",
    "https://deno.land/std@0.177.0/streams/mod.ts": "c07ec010e700b9ea887dc36ca08729828bc7912f711e4054e24d33fd46282252",
    "https://deno.land/std@0.177.0/streams/read_all.ts": "bfa220b0e1d06fa4d0cb5178baba8f8b466019a7411511982bfa2320ca292815",
    "https://deno.land/std@0.177.0/streams/readable_stream_from_iterable.ts": "cae337ddafd2abc5e3df699ef2af888ac04091f12732ae658448fba2c7b187e8",
    "https://deno.land/std@0.177.0/streams/readable_stream_from_reader.ts": "9aceaeefa9e04b08f56b2d07272baedc3b6432840b66198d72fa2ada3e6608ea",
    "https://deno.land/std@0.177.0/streams/reader_from_iterable.ts": "05f7759b9336fd4c233d9daadf92aec9a7d2c07a05986da466a935cec2dd79d9",
    "https://deno.land/std@0.177.0/streams/reader_from_stream_reader.ts": "3fda9390ec8520c8a9ea2aba2579208b18880a7663d7a9feec8f193b7af14e41",
    "https://deno.land/std@0.177.0/streams/text_delimiter_stream.ts": "ee216316360366c3744197f5665a066a25e6baa8cfe836fbe9a0033e079e089e",
    "https://deno.land/std@0.177.0/streams/text_line_stream.ts": "a9dd2636c6b90e626e19df26c97034c5f638bdd957cbd5c531d6278fe1d08e90",
    "https://deno.land/std@0.177.0/streams/to_transform_stream.ts": "31c8cce967a2f602be5f164973a5c6cedd4c76e1d2fbc22ae0081b084f73fb0e",
    "https://deno.land/std@0.177.0/streams/writable_stream_from_writer.ts": "0320b759aa343f9f4f58b014fe301d9a7abcbfb8413d260502a885995e6a0776",
    "https://deno.land/std@0.177.0/streams/write_all.ts": "3b2e1ce44913f966348ce353d02fa5369e94115181037cd8b602510853ec3033",
    "https://deno.land/std@0.177.0/streams/writer_from_stream_writer.ts": "31126a6bf2e678c5a718011d4831dbe75dbdbd885965d3dbd5dd105e6f20f976",
    "https://deno.land/std@0.177.0/streams/zip_readable_streams.ts": "9eb82070d83055fe6f077192fb204dc7612695a4b330148e9aa376df1a65e708",
    "https://deno.land/x/progress@v1.3.7/deps.ts": "83050e627263931d853ba28b7c15c80bf4be912bea7e0d3d13da2bc0aaf7889d",
    "https://deno.land/x/progress@v1.3.7/mod.ts": "ee152d6e97c0d6ed71e4299b230b66d197f23315a9efb826695b9f77f1a38937",
    "https://deno.land/x/progress@v1.3.7/multi.ts": "54e03289ec4c762a387d40eae4bad50dad04089ba67fffb18f8e85343a4bd988",
    "https://deno.land/x/progress@v1.3.7/time.ts": "f5b302425cef076958c9352030f48a79bd7b54316b4057f99192884b5e140ea0",
    "https://deno.land/x/random@v1.1.2/Random.js": "cb23f3cdd4a453c61585c4ab4e5370eeb1786c9a75daaa7522d41ed4f056079c",
    "https://esm.sh/@protobufjs/aspromise@1.1.2/denonext/aspromise.mjs": "42263ba2437b20598db4aa4f97b9034a8880367101106cc2ce5891ffeedafbff",
    "https://esm.sh/@protobufjs/aspromise@1.1.2?target=denonext": "c67fb914ba68a42727f6a23744afff131bfee8953fda16331aa0a6b526a48c2d",
    "https://esm.sh/@protobufjs/base64@1.1.2/denonext/base64.mjs": "c403508e23e63d3bb3d8a4f056699705e93cafaae6e32d4768118b7af69fbee2",
    "https://esm.sh/@protobufjs/base64@1.1.2?target=denonext": "d0ea0304ec83d4a87e10bba20529526278dadf069725dd1105108a42446c50cb",
    "https://esm.sh/@protobufjs/codegen@2.0.4/denonext/codegen.mjs": "5833c216401b70e58e83c79987fd9637cb3d715e54cf795ed86e226e3ea2cbe2",
    "https://esm.sh/@protobufjs/codegen@2.0.4?target=denonext": "ede87a3e48d2df457b9bb17579b57285878a49e3436a3af967d8fb634fd25468",
    "https://esm.sh/@protobufjs/eventemitter@1.1.0/denonext/eventemitter.mjs": "82b5941228754583cec950b395d22dee574e84c31d2c2952776f085834c0ec18",
    "https://esm.sh/@protobufjs/eventemitter@1.1.0?target=denonext": "c1461c00f36a525667413364b4a96915bd505f51430949b37c0c4113ad5ec100",
    "https://esm.sh/@protobufjs/fetch@1.1.0/denonext/fetch.mjs": "c37f0c21b14f1ca5962af5b003e63467a74c00096fd28434c4e99e6901e5143c",
    "https://esm.sh/@protobufjs/fetch@1.1.0?target=denonext": "ebaef685a089d0afc1b16335a2db445fdb5593fb4bf647077f0d8c47a0dc1b0b",
    "https://esm.sh/@protobufjs/float@1.0.2/denonext/float.mjs": "d3d5169fb18adb4c04159f73c8323a8c596ff3169a2dd976aa3232ebc0269fac",
    "https://esm.sh/@protobufjs/float@1.0.2?target=denonext": "cafc0d1d49ce6ffe819b24d47d0dc44f490d26d227ea9eeacee2ebecc9983134",
    "https://esm.sh/@protobufjs/inquire@1.1.0/denonext/inquire.mjs": "502c9c645fd92b1659661f344c004300f6416bd956b3295fb0b915cb82077aaa",
    "https://esm.sh/@protobufjs/inquire@1.1.0?target=denonext": "5b6f22a040faef741c49c16d9935612ed9418d561fe5073bd6aad56fc0d64f6b",
    "https://esm.sh/@protobufjs/path@1.1.2/denonext/path.mjs": "e89552da2a03ac0949d220db8d9cd0f61795cd9667fe2ce820c284cc6d0ac21f",
    "https://esm.sh/@protobufjs/path@1.1.2?target=denonext": "26e7db3358afa5e1c9bd94990706e1e6739ef74e0108e7b799a1667c65c3249b",
    "https://esm.sh/@protobufjs/pool@1.1.0/denonext/pool.mjs": "c03e18151f1ad4100396523c4b2f518fe2b8335be7d1ed9ca74da3981d5d819e",
    "https://esm.sh/@protobufjs/pool@1.1.0?target=denonext": "cc74dfe7379aed173a9eca69c8764cf15ce96ea5e5785b0abdf0064ad3e88b57",
    "https://esm.sh/@protobufjs/utf8@1.1.0/denonext/utf8.mjs": "42a086aadacf59dcc5d48b322458b630e790401d19d0b6f9f6de9c02f3cacd5c",
    "https://esm.sh/@protobufjs/utf8@1.1.0?target=denonext": "07adee09439de4bd729909e2f428e329da167642ff00675bbf76c8f48232f5fc",
    "https://esm.sh/protobufjs@7.2.2": "2bb4912360faa755c2d5105229faa242b9a2dc0ed2c372288de6015d4d3de23a",
    "https://esm.sh/protobufjs@7.2.2/denonext/protobufjs.mjs": "2f38be1421690cac8f881c1282557775003b058496d43b26bd0f96ae1f026d1e"
  }
}
